// !$*UTF8*$!
{
	archiveVersion = 1;
	classes = {
	};
	objectVersion = 55;
	objects = {

/* Begin PBXBuildFile section */
		963EEBD727C8D15200136263 /* LemonMeringuePie.usdz in Resources */ = {isa = PBXBuildFile; fileRef = 963EEBD627C8D15200136263 /* LemonMeringuePie.usdz */; };
		963EEBD827C8D15200136263 /* LemonMeringuePie.usdz in Resources */ = {isa = PBXBuildFile; fileRef = 963EEBD627C8D15200136263 /* LemonMeringuePie.usdz */; };
		963EEBDD27C8D18F00136263 /* toy_drummer.usdz in Resources */ = {isa = PBXBuildFile; fileRef = 963EEBD927C8D18B00136263 /* toy_drummer.usdz */; };
		963EEBDE27C8D18F00136263 /* toy_drummer.usdz in Resources */ = {isa = PBXBuildFile; fileRef = 963EEBD927C8D18B00136263 /* toy_drummer.usdz */; };
		963EEBDF27C8D18F00136263 /* AirForce.usdz in Resources */ = {isa = PBXBuildFile; fileRef = 963EEBDA27C8D18C00136263 /* AirForce.usdz */; };
		963EEBE027C8D18F00136263 /* AirForce.usdz in Resources */ = {isa = PBXBuildFile; fileRef = 963EEBDA27C8D18C00136263 /* AirForce.usdz */; };
		963EEBE127C8D18F00136263 /* toy_robot_vintage.usdz in Resources */ = {isa = PBXBuildFile; fileRef = 963EEBDB27C8D18E00136263 /* toy_robot_vintage.usdz */; };
		963EEBE227C8D18F00136263 /* toy_robot_vintage.usdz in Resources */ = {isa = PBXBuildFile; fileRef = 963EEBDB27C8D18E00136263 /* toy_robot_vintage.usdz */; };
		963EEBE327C8D18F00136263 /* PegasusTrail.usdz in Resources */ = {isa = PBXBuildFile; fileRef = 963EEBDC27C8D18F00136263 /* PegasusTrail.usdz */; };
		963EEBE427C8D18F00136263 /* PegasusTrail.usdz in Resources */ = {isa = PBXBuildFile; fileRef = 963EEBDC27C8D18F00136263 /* PegasusTrail.usdz */; };
		963EEBEA27C8D2BF00136263 /* wateringcan.usdz in Resources */ = {isa = PBXBuildFile; fileRef = 963EEBE527C8D2BD00136263 /* wateringcan.usdz */; };
		963EEBEB27C8D2BF00136263 /* wateringcan.usdz in Resources */ = {isa = PBXBuildFile; fileRef = 963EEBE527C8D2BD00136263 /* wateringcan.usdz */; };
		963EEBEC27C8D2BF00136263 /* flower_tulip.usdz in Resources */ = {isa = PBXBuildFile; fileRef = 963EEBE627C8D2BD00136263 /* flower_tulip.usdz */; };
		963EEBED27C8D2BF00136263 /* flower_tulip.usdz in Resources */ = {isa = PBXBuildFile; fileRef = 963EEBE627C8D2BD00136263 /* flower_tulip.usdz */; };
		963EEBEE27C8D2BF00136263 /* fender_stratocaster.usdz in Resources */ = {isa = PBXBuildFile; fileRef = 963EEBE727C8D2BE00136263 /* fender_stratocaster.usdz */; };
		963EEBEF27C8D2BF00136263 /* fender_stratocaster.usdz in Resources */ = {isa = PBXBuildFile; fileRef = 963EEBE727C8D2BE00136263 /* fender_stratocaster.usdz */; };
		963EEBF027C8D2BF00136263 /* chair_swan.usdz in Resources */ = {isa = PBXBuildFile; fileRef = 963EEBE827C8D2BE00136263 /* chair_swan.usdz */; };
		963EEBF127C8D2BF00136263 /* chair_swan.usdz in Resources */ = {isa = PBXBuildFile; fileRef = 963EEBE827C8D2BE00136263 /* chair_swan.usdz */; };
		963EEBF227C8D2BF00136263 /* cup_saucer_set.usdz in Resources */ = {isa = PBXBuildFile; fileRef = 963EEBE927C8D2BF00136263 /* cup_saucer_set.usdz */; };
		963EEBF327C8D2BF00136263 /* cup_saucer_set.usdz in Resources */ = {isa = PBXBuildFile; fileRef = 963EEBE927C8D2BF00136263 /* cup_saucer_set.usdz */; };
		968342F327DB0C880021B5F7 /* SeinfeldSetReplica_usdz.usdz in Resources */ = {isa = PBXBuildFile; fileRef = 968342F227DB0C870021B5F7 /* SeinfeldSetReplica_usdz.usdz */; };
		968342F427DB0C880021B5F7 /* SeinfeldSetReplica_usdz.usdz in Resources */ = {isa = PBXBuildFile; fileRef = 968342F227DB0C870021B5F7 /* SeinfeldSetReplica_usdz.usdz */; };
		968342F627DB0E4E0021B5F7 /* Procedural_Animated_Push_Pin_-_WAVE.usdz in Resources */ = {isa = PBXBuildFile; fileRef = 968342F527DB0E4E0021B5F7 /* Procedural_Animated_Push_Pin_-_WAVE.usdz */; };
		968342F727DB0E4E0021B5F7 /* Procedural_Animated_Push_Pin_-_WAVE.usdz in Resources */ = {isa = PBXBuildFile; fileRef = 968342F527DB0E4E0021B5F7 /* Procedural_Animated_Push_Pin_-_WAVE.usdz */; };
		968342F927DB0FEA0021B5F7 /* phoenix_bird.usdz in Resources */ = {isa = PBXBuildFile; fileRef = 968342F827DB0FEA0021B5F7 /* phoenix_bird.usdz */; };
		968342FA27DB0FEA0021B5F7 /* phoenix_bird.usdz in Resources */ = {isa = PBXBuildFile; fileRef = 968342F827DB0FEA0021B5F7 /* phoenix_bird.usdz */; };
		968342FC27DB10F00021B5F7 /* Medieval_Fantasy_Book.usdz in Resources */ = {isa = PBXBuildFile; fileRef = 968342FB27DB10F00021B5F7 /* Medieval_Fantasy_Book.usdz */; };
		968342FD27DB10F00021B5F7 /* Medieval_Fantasy_Book.usdz in Resources */ = {isa = PBXBuildFile; fileRef = 968342FB27DB10F00021B5F7 /* Medieval_Fantasy_Book.usdz */; };
		EC0B9D6B27C7E79E00C18013 /* gramophone.usdz in Resources */ = {isa = PBXBuildFile; fileRef = EC0B9D6A27C7E79E00C18013 /* gramophone.usdz */; };
		EC0B9D6C27C7E79E00C18013 /* gramophone.usdz in Resources */ = {isa = PBXBuildFile; fileRef = EC0B9D6A27C7E79E00C18013 /* gramophone.usdz */; };
		EC2C331C27C3D27F00C1E6F5 /* AppDelegate.swift in Sources */ = {isa = PBXBuildFile; fileRef = EC2C331B27C3D27F00C1E6F5 /* AppDelegate.swift */; };
		EC2C331E27C3D27F00C1E6F5 /* GameViewController.swift in Sources */ = {isa = PBXBuildFile; fileRef = EC2C331D27C3D27F00C1E6F5 /* GameViewController.swift */; };
		EC2C332127C3D27F00C1E6F5 /* Main.storyboard in Resources */ = {isa = PBXBuildFile; fileRef = EC2C331F27C3D27F00C1E6F5 /* Main.storyboard */; };
		EC2C332427C3D27F00C1E6F5 /* LaunchScreen.storyboard in Resources */ = {isa = PBXBuildFile; fileRef = EC2C332227C3D27F00C1E6F5 /* LaunchScreen.storyboard */; };
		EC2C332C27C3D27F00C1E6F5 /* AppDelegate.swift in Sources */ = {isa = PBXBuildFile; fileRef = EC2C332B27C3D27F00C1E6F5 /* AppDelegate.swift */; };
		EC2C332E27C3D27F00C1E6F5 /* GameViewController.swift in Sources */ = {isa = PBXBuildFile; fileRef = EC2C332D27C3D27F00C1E6F5 /* GameViewController.swift */; };
		EC2C333127C3D27F00C1E6F5 /* Main.storyboard in Resources */ = {isa = PBXBuildFile; fileRef = EC2C332F27C3D27F00C1E6F5 /* Main.storyboard */; };
		EC2C333327C3D27F00C1E6F5 /* Shaders.metal in Sources */ = {isa = PBXBuildFile; fileRef = EC2C331027C3D27E00C1E6F5 /* Shaders.metal */; };
		EC2C333427C3D27F00C1E6F5 /* Shaders.metal in Sources */ = {isa = PBXBuildFile; fileRef = EC2C331027C3D27E00C1E6F5 /* Shaders.metal */; };
		EC2C333527C3D27F00C1E6F5 /* Renderer.swift in Sources */ = {isa = PBXBuildFile; fileRef = EC2C331127C3D27E00C1E6F5 /* Renderer.swift */; };
		EC2C333627C3D27F00C1E6F5 /* Renderer.swift in Sources */ = {isa = PBXBuildFile; fileRef = EC2C331127C3D27E00C1E6F5 /* Renderer.swift */; };
		EC2C333727C3D27F00C1E6F5 /* ShaderTypes.h in Resources */ = {isa = PBXBuildFile; fileRef = EC2C331227C3D27E00C1E6F5 /* ShaderTypes.h */; };
		EC2C333827C3D27F00C1E6F5 /* ShaderTypes.h in Resources */ = {isa = PBXBuildFile; fileRef = EC2C331227C3D27E00C1E6F5 /* ShaderTypes.h */; };
		EC2C333927C3D27F00C1E6F5 /* Assets.xcassets in Resources */ = {isa = PBXBuildFile; fileRef = EC2C331327C3D27F00C1E6F5 /* Assets.xcassets */; };
		EC2C333A27C3D27F00C1E6F5 /* Assets.xcassets in Resources */ = {isa = PBXBuildFile; fileRef = EC2C331327C3D27F00C1E6F5 /* Assets.xcassets */; };
		EC2C334427C3D2BF00C1E6F5 /* toy_car.usdz in Resources */ = {isa = PBXBuildFile; fileRef = EC2C334327C3D2BF00C1E6F5 /* toy_car.usdz */; };
		EC2C334527C3D2BF00C1E6F5 /* toy_car.usdz in Resources */ = {isa = PBXBuildFile; fileRef = EC2C334327C3D2BF00C1E6F5 /* toy_car.usdz */; };
		EC2C334727C3D36F00C1E6F5 /* GZLog.swift in Sources */ = {isa = PBXBuildFile; fileRef = EC2C334627C3D36F00C1E6F5 /* GZLog.swift */; };
		EC2C334827C3D36F00C1E6F5 /* GZLog.swift in Sources */ = {isa = PBXBuildFile; fileRef = EC2C334627C3D36F00C1E6F5 /* GZLog.swift */; };
		EC2C334A27C3DE5000C1E6F5 /* tv_retro.usdz in Resources */ = {isa = PBXBuildFile; fileRef = EC2C334927C3DE5000C1E6F5 /* tv_retro.usdz */; };
		EC2C334B27C3DE5000C1E6F5 /* tv_retro.usdz in Resources */ = {isa = PBXBuildFile; fileRef = EC2C334927C3DE5000C1E6F5 /* tv_retro.usdz */; };
		EC2C334D27C3E45500C1E6F5 /* toy_biplane.usdz in Resources */ = {isa = PBXBuildFile; fileRef = EC2C334C27C3E45500C1E6F5 /* toy_biplane.usdz */; };
		EC2C334E27C3E45500C1E6F5 /* toy_biplane.usdz in Resources */ = {isa = PBXBuildFile; fileRef = EC2C334C27C3E45500C1E6F5 /* toy_biplane.usdz */; };
		ECECF80B27E63F6400B5802E /* MTLTextureDescriptorExt.swift in Sources */ = {isa = PBXBuildFile; fileRef = ECECF80A27E63F6400B5802E /* MTLTextureDescriptorExt.swift */; };
		ECECF80C27E63F6400B5802E /* MTLTextureDescriptorExt.swift in Sources */ = {isa = PBXBuildFile; fileRef = ECECF80A27E63F6400B5802E /* MTLTextureDescriptorExt.swift */; };
		ECECF80E27E7223400B5802E /* ICB.metal in Sources */ = {isa = PBXBuildFile; fileRef = ECECF80D27E7223400B5802E /* ICB.metal */; };
		ECECF80F27E7223400B5802E /* ICB.metal in Sources */ = {isa = PBXBuildFile; fileRef = ECECF80D27E7223400B5802E /* ICB.metal */; };
/* End PBXBuildFile section */

/* Begin PBXFileReference section */
		963EEBD627C8D15200136263 /* LemonMeringuePie.usdz */ = {isa = PBXFileReference; lastKnownFileType = file.usdz; path = LemonMeringuePie.usdz; sourceTree = "<group>"; };
		963EEBD927C8D18B00136263 /* toy_drummer.usdz */ = {isa = PBXFileReference; lastKnownFileType = file.usdz; path = toy_drummer.usdz; sourceTree = "<group>"; };
		963EEBDA27C8D18C00136263 /* AirForce.usdz */ = {isa = PBXFileReference; lastKnownFileType = file.usdz; path = AirForce.usdz; sourceTree = "<group>"; };
		963EEBDB27C8D18E00136263 /* toy_robot_vintage.usdz */ = {isa = PBXFileReference; lastKnownFileType = file.usdz; path = toy_robot_vintage.usdz; sourceTree = "<group>"; };
		963EEBDC27C8D18F00136263 /* PegasusTrail.usdz */ = {isa = PBXFileReference; lastKnownFileType = file.usdz; path = PegasusTrail.usdz; sourceTree = "<group>"; };
		963EEBE527C8D2BD00136263 /* wateringcan.usdz */ = {isa = PBXFileReference; lastKnownFileType = file.usdz; path = wateringcan.usdz; sourceTree = "<group>"; };
		963EEBE627C8D2BD00136263 /* flower_tulip.usdz */ = {isa = PBXFileReference; lastKnownFileType = file.usdz; path = flower_tulip.usdz; sourceTree = "<group>"; };
		963EEBE727C8D2BE00136263 /* fender_stratocaster.usdz */ = {isa = PBXFileReference; lastKnownFileType = file.usdz; path = fender_stratocaster.usdz; sourceTree = "<group>"; };
		963EEBE827C8D2BE00136263 /* chair_swan.usdz */ = {isa = PBXFileReference; lastKnownFileType = file.usdz; path = chair_swan.usdz; sourceTree = "<group>"; };
		963EEBE927C8D2BF00136263 /* cup_saucer_set.usdz */ = {isa = PBXFileReference; lastKnownFileType = file.usdz; path = cup_saucer_set.usdz; sourceTree = "<group>"; };
		968342F227DB0C870021B5F7 /* SeinfeldSetReplica_usdz.usdz */ = {isa = PBXFileReference; lastKnownFileType = file.usdz; path = SeinfeldSetReplica_usdz.usdz; sourceTree = "<group>"; };
		968342F527DB0E4E0021B5F7 /* Procedural_Animated_Push_Pin_-_WAVE.usdz */ = {isa = PBXFileReference; lastKnownFileType = file.usdz; path = "Procedural_Animated_Push_Pin_-_WAVE.usdz"; sourceTree = "<group>"; };
		968342F827DB0FEA0021B5F7 /* phoenix_bird.usdz */ = {isa = PBXFileReference; lastKnownFileType = file.usdz; path = phoenix_bird.usdz; sourceTree = "<group>"; };
		968342FB27DB10F00021B5F7 /* Medieval_Fantasy_Book.usdz */ = {isa = PBXFileReference; lastKnownFileType = file.usdz; path = Medieval_Fantasy_Book.usdz; sourceTree = "<group>"; };
		EC0B9D6A27C7E79E00C18013 /* gramophone.usdz */ = {isa = PBXFileReference; lastKnownFileType = file.usdz; path = gramophone.usdz; sourceTree = "<group>"; };
		EC2C331027C3D27E00C1E6F5 /* Shaders.metal */ = {isa = PBXFileReference; lastKnownFileType = sourcecode.metal; path = Shaders.metal; sourceTree = "<group>"; };
		EC2C331127C3D27E00C1E6F5 /* Renderer.swift */ = {isa = PBXFileReference; lastKnownFileType = sourcecode.swift; path = Renderer.swift; sourceTree = "<group>"; };
		EC2C331227C3D27E00C1E6F5 /* ShaderTypes.h */ = {isa = PBXFileReference; lastKnownFileType = sourcecode.c.h; path = ShaderTypes.h; sourceTree = "<group>"; };
		EC2C331327C3D27F00C1E6F5 /* Assets.xcassets */ = {isa = PBXFileReference; lastKnownFileType = folder.assetcatalog; path = Assets.xcassets; sourceTree = "<group>"; };
		EC2C331827C3D27F00C1E6F5 /* mtlSample.app */ = {isa = PBXFileReference; explicitFileType = wrapper.application; includeInIndex = 0; path = mtlSample.app; sourceTree = BUILT_PRODUCTS_DIR; };
		EC2C331B27C3D27F00C1E6F5 /* AppDelegate.swift */ = {isa = PBXFileReference; lastKnownFileType = sourcecode.swift; path = AppDelegate.swift; sourceTree = "<group>"; };
		EC2C331D27C3D27F00C1E6F5 /* GameViewController.swift */ = {isa = PBXFileReference; lastKnownFileType = sourcecode.swift; path = GameViewController.swift; sourceTree = "<group>"; };
		EC2C332027C3D27F00C1E6F5 /* Base */ = {isa = PBXFileReference; lastKnownFileType = file.storyboard; name = Base; path = Base.lproj/Main.storyboard; sourceTree = "<group>"; };
		EC2C332327C3D27F00C1E6F5 /* Base */ = {isa = PBXFileReference; lastKnownFileType = file.storyboard; name = Base; path = Base.lproj/LaunchScreen.storyboard; sourceTree = "<group>"; };
		EC2C332927C3D27F00C1E6F5 /* mtlSample.app */ = {isa = PBXFileReference; explicitFileType = wrapper.application; includeInIndex = 0; path = mtlSample.app; sourceTree = BUILT_PRODUCTS_DIR; };
		EC2C332B27C3D27F00C1E6F5 /* AppDelegate.swift */ = {isa = PBXFileReference; lastKnownFileType = sourcecode.swift; path = AppDelegate.swift; sourceTree = "<group>"; };
		EC2C332D27C3D27F00C1E6F5 /* GameViewController.swift */ = {isa = PBXFileReference; lastKnownFileType = sourcecode.swift; path = GameViewController.swift; sourceTree = "<group>"; };
		EC2C333027C3D27F00C1E6F5 /* Base */ = {isa = PBXFileReference; lastKnownFileType = file.storyboard; name = Base; path = Base.lproj/Main.storyboard; sourceTree = "<group>"; };
		EC2C333227C3D27F00C1E6F5 /* mtlSample_macOS.entitlements */ = {isa = PBXFileReference; lastKnownFileType = text.plist.entitlements; path = mtlSample_macOS.entitlements; sourceTree = "<group>"; };
		EC2C334327C3D2BF00C1E6F5 /* toy_car.usdz */ = {isa = PBXFileReference; lastKnownFileType = file.usdz; path = toy_car.usdz; sourceTree = "<group>"; };
		EC2C334627C3D36F00C1E6F5 /* GZLog.swift */ = {isa = PBXFileReference; fileEncoding = 4; lastKnownFileType = sourcecode.swift; path = GZLog.swift; sourceTree = "<group>"; };
		EC2C334927C3DE5000C1E6F5 /* tv_retro.usdz */ = {isa = PBXFileReference; lastKnownFileType = file.usdz; path = tv_retro.usdz; sourceTree = "<group>"; };
		EC2C334C27C3E45500C1E6F5 /* toy_biplane.usdz */ = {isa = PBXFileReference; lastKnownFileType = file.usdz; path = toy_biplane.usdz; sourceTree = "<group>"; };
		ECECF80A27E63F6400B5802E /* MTLTextureDescriptorExt.swift */ = {isa = PBXFileReference; lastKnownFileType = sourcecode.swift; path = MTLTextureDescriptorExt.swift; sourceTree = "<group>"; };
		ECECF80D27E7223400B5802E /* ICB.metal */ = {isa = PBXFileReference; lastKnownFileType = sourcecode.metal; path = ICB.metal; sourceTree = "<group>"; };
/* End PBXFileReference section */

/* Begin PBXFrameworksBuildPhase section */
		EC2C331527C3D27F00C1E6F5 /* Frameworks */ = {
			isa = PBXFrameworksBuildPhase;
			buildActionMask = 2147483647;
			files = (
			);
			runOnlyForDeploymentPostprocessing = 0;
		};
		EC2C332627C3D27F00C1E6F5 /* Frameworks */ = {
			isa = PBXFrameworksBuildPhase;
			buildActionMask = 2147483647;
			files = (
			);
			runOnlyForDeploymentPostprocessing = 0;
		};
/* End PBXFrameworksBuildPhase section */

/* Begin PBXGroup section */
		EC2C330A27C3D27E00C1E6F5 = {
			isa = PBXGroup;
			children = (
				EC2C330F27C3D27E00C1E6F5 /* mtlSample Shared */,
				EC2C331A27C3D27F00C1E6F5 /* mtlSample iOS */,
				EC2C332A27C3D27F00C1E6F5 /* mtlSample macOS */,
				EC2C331927C3D27F00C1E6F5 /* Products */,
			);
			sourceTree = "<group>";
		};
		EC2C330F27C3D27E00C1E6F5 /* mtlSample Shared */ = {
			isa = PBXGroup;
			children = (
				968342FB27DB10F00021B5F7 /* Medieval_Fantasy_Book.usdz */,
				968342F827DB0FEA0021B5F7 /* phoenix_bird.usdz */,
				968342F527DB0E4E0021B5F7 /* Procedural_Animated_Push_Pin_-_WAVE.usdz */,
				968342F227DB0C870021B5F7 /* SeinfeldSetReplica_usdz.usdz */,
				EC2C334627C3D36F00C1E6F5 /* GZLog.swift */,
				EC2C331027C3D27E00C1E6F5 /* Shaders.metal */,
				EC2C331127C3D27E00C1E6F5 /* Renderer.swift */,
				ECECF80A27E63F6400B5802E /* MTLTextureDescriptorExt.swift */,
				EC2C334327C3D2BF00C1E6F5 /* toy_car.usdz */,
				EC2C334927C3DE5000C1E6F5 /* tv_retro.usdz */,
				EC2C334C27C3E45500C1E6F5 /* toy_biplane.usdz */,
				EC0B9D6A27C7E79E00C18013 /* gramophone.usdz */,
				963EEBD627C8D15200136263 /* LemonMeringuePie.usdz */,
				963EEBDA27C8D18C00136263 /* AirForce.usdz */,
				963EEBDC27C8D18F00136263 /* PegasusTrail.usdz */,
				963EEBD927C8D18B00136263 /* toy_drummer.usdz */,
				963EEBDB27C8D18E00136263 /* toy_robot_vintage.usdz */,
				963EEBE827C8D2BE00136263 /* chair_swan.usdz */,
				963EEBE927C8D2BF00136263 /* cup_saucer_set.usdz */,
				963EEBE727C8D2BE00136263 /* fender_stratocaster.usdz */,
				963EEBE627C8D2BD00136263 /* flower_tulip.usdz */,
				963EEBE527C8D2BD00136263 /* wateringcan.usdz */,
				EC2C331227C3D27E00C1E6F5 /* ShaderTypes.h */,
				EC2C331327C3D27F00C1E6F5 /* Assets.xcassets */,
				ECECF80D27E7223400B5802E /* ICB.metal */,
			);
			path = "mtlSample Shared";
			sourceTree = "<group>";
		};
		EC2C331927C3D27F00C1E6F5 /* Products */ = {
			isa = PBXGroup;
			children = (
				EC2C331827C3D27F00C1E6F5 /* mtlSample.app */,
				EC2C332927C3D27F00C1E6F5 /* mtlSample.app */,
			);
			name = Products;
			sourceTree = "<group>";
		};
		EC2C331A27C3D27F00C1E6F5 /* mtlSample iOS */ = {
			isa = PBXGroup;
			children = (
				EC2C331B27C3D27F00C1E6F5 /* AppDelegate.swift */,
				EC2C331D27C3D27F00C1E6F5 /* GameViewController.swift */,
				EC2C331F27C3D27F00C1E6F5 /* Main.storyboard */,
				EC2C332227C3D27F00C1E6F5 /* LaunchScreen.storyboard */,
			);
			path = "mtlSample iOS";
			sourceTree = "<group>";
		};
		EC2C332A27C3D27F00C1E6F5 /* mtlSample macOS */ = {
			isa = PBXGroup;
			children = (
				EC2C332B27C3D27F00C1E6F5 /* AppDelegate.swift */,
				EC2C332D27C3D27F00C1E6F5 /* GameViewController.swift */,
				EC2C332F27C3D27F00C1E6F5 /* Main.storyboard */,
				EC2C333227C3D27F00C1E6F5 /* mtlSample_macOS.entitlements */,
			);
			path = "mtlSample macOS";
			sourceTree = "<group>";
		};
/* End PBXGroup section */

/* Begin PBXNativeTarget section */
		EC2C331727C3D27F00C1E6F5 /* mtlSample iOS */ = {
			isa = PBXNativeTarget;
			buildConfigurationList = EC2C333D27C3D27F00C1E6F5 /* Build configuration list for PBXNativeTarget "mtlSample iOS" */;
			buildPhases = (
				EC2C331427C3D27F00C1E6F5 /* Sources */,
				EC2C331527C3D27F00C1E6F5 /* Frameworks */,
				EC2C331627C3D27F00C1E6F5 /* Resources */,
			);
			buildRules = (
			);
			dependencies = (
			);
			name = "mtlSample iOS";
			productName = "mtlSample iOS";
			productReference = EC2C331827C3D27F00C1E6F5 /* mtlSample.app */;
			productType = "com.apple.product-type.application";
		};
		EC2C332827C3D27F00C1E6F5 /* mtlSample macOS */ = {
			isa = PBXNativeTarget;
			buildConfigurationList = EC2C334027C3D27F00C1E6F5 /* Build configuration list for PBXNativeTarget "mtlSample macOS" */;
			buildPhases = (
				EC2C332527C3D27F00C1E6F5 /* Sources */,
				EC2C332627C3D27F00C1E6F5 /* Frameworks */,
				EC2C332727C3D27F00C1E6F5 /* Resources */,
			);
			buildRules = (
			);
			dependencies = (
			);
			name = "mtlSample macOS";
			productName = "mtlSample macOS";
			productReference = EC2C332927C3D27F00C1E6F5 /* mtlSample.app */;
			productType = "com.apple.product-type.application";
		};
/* End PBXNativeTarget section */

/* Begin PBXProject section */
		EC2C330B27C3D27E00C1E6F5 /* Project object */ = {
			isa = PBXProject;
			attributes = {
				BuildIndependentTargetsInParallel = 1;
				LastSwiftUpdateCheck = 1320;
				LastUpgradeCheck = 1320;
				TargetAttributes = {
					EC2C331727C3D27F00C1E6F5 = {
						CreatedOnToolsVersion = 13.2.1;
					};
					EC2C332827C3D27F00C1E6F5 = {
						CreatedOnToolsVersion = 13.2.1;
					};
				};
			};
			buildConfigurationList = EC2C330E27C3D27E00C1E6F5 /* Build configuration list for PBXProject "mtlSample" */;
			compatibilityVersion = "Xcode 13.0";
			developmentRegion = en;
			hasScannedForEncodings = 0;
			knownRegions = (
				en,
				Base,
			);
			mainGroup = EC2C330A27C3D27E00C1E6F5;
			productRefGroup = EC2C331927C3D27F00C1E6F5 /* Products */;
			projectDirPath = "";
			projectRoot = "";
			targets = (
				EC2C331727C3D27F00C1E6F5 /* mtlSample iOS */,
				EC2C332827C3D27F00C1E6F5 /* mtlSample macOS */,
			);
		};
/* End PBXProject section */

/* Begin PBXResourcesBuildPhase section */
		EC2C331627C3D27F00C1E6F5 /* Resources */ = {
			isa = PBXResourcesBuildPhase;
			buildActionMask = 2147483647;
			files = (
				EC2C334A27C3DE5000C1E6F5 /* tv_retro.usdz in Resources */,
				EC2C333727C3D27F00C1E6F5 /* ShaderTypes.h in Resources */,
				963EEBF227C8D2BF00136263 /* cup_saucer_set.usdz in Resources */,
				EC2C332127C3D27F00C1E6F5 /* Main.storyboard in Resources */,
				963EEBEC27C8D2BF00136263 /* flower_tulip.usdz in Resources */,
				EC0B9D6B27C7E79E00C18013 /* gramophone.usdz in Resources */,
				968342F627DB0E4E0021B5F7 /* Procedural_Animated_Push_Pin_-_WAVE.usdz in Resources */,
				EC2C333927C3D27F00C1E6F5 /* Assets.xcassets in Resources */,
				963EEBE327C8D18F00136263 /* PegasusTrail.usdz in Resources */,
				963EEBDD27C8D18F00136263 /* toy_drummer.usdz in Resources */,
				963EEBDF27C8D18F00136263 /* AirForce.usdz in Resources */,
				968342F327DB0C880021B5F7 /* SeinfeldSetReplica_usdz.usdz in Resources */,
				968342F927DB0FEA0021B5F7 /* phoenix_bird.usdz in Resources */,
				963EEBD727C8D15200136263 /* LemonMeringuePie.usdz in Resources */,
				963EEBE127C8D18F00136263 /* toy_robot_vintage.usdz in Resources */,
				EC2C332427C3D27F00C1E6F5 /* LaunchScreen.storyboard in Resources */,
				963EEBEA27C8D2BF00136263 /* wateringcan.usdz in Resources */,
				EC2C334427C3D2BF00C1E6F5 /* toy_car.usdz in Resources */,
				968342FC27DB10F00021B5F7 /* Medieval_Fantasy_Book.usdz in Resources */,
				963EEBEE27C8D2BF00136263 /* fender_stratocaster.usdz in Resources */,
				963EEBF027C8D2BF00136263 /* chair_swan.usdz in Resources */,
				EC2C334D27C3E45500C1E6F5 /* toy_biplane.usdz in Resources */,
			);
			runOnlyForDeploymentPostprocessing = 0;
		};
		EC2C332727C3D27F00C1E6F5 /* Resources */ = {
			isa = PBXResourcesBuildPhase;
			buildActionMask = 2147483647;
			files = (
				EC2C334E27C3E45500C1E6F5 /* toy_biplane.usdz in Resources */,
				963EEBF327C8D2BF00136263 /* cup_saucer_set.usdz in Resources */,
				963EEBE427C8D18F00136263 /* PegasusTrail.usdz in Resources */,
				963EEBF127C8D2BF00136263 /* chair_swan.usdz in Resources */,
				EC2C333127C3D27F00C1E6F5 /* Main.storyboard in Resources */,
				963EEBE227C8D18F00136263 /* toy_robot_vintage.usdz in Resources */,
				EC2C334527C3D2BF00C1E6F5 /* toy_car.usdz in Resources */,
				968342F727DB0E4E0021B5F7 /* Procedural_Animated_Push_Pin_-_WAVE.usdz in Resources */,
				963EEBEB27C8D2BF00136263 /* wateringcan.usdz in Resources */,
				968342FD27DB10F00021B5F7 /* Medieval_Fantasy_Book.usdz in Resources */,
				EC2C333A27C3D27F00C1E6F5 /* Assets.xcassets in Resources */,
				EC2C334B27C3DE5000C1E6F5 /* tv_retro.usdz in Resources */,
				EC0B9D6C27C7E79E00C18013 /* gramophone.usdz in Resources */,
				968342FA27DB0FEA0021B5F7 /* phoenix_bird.usdz in Resources */,
				963EEBED27C8D2BF00136263 /* flower_tulip.usdz in Resources */,
				963EEBE027C8D18F00136263 /* AirForce.usdz in Resources */,
				963EEBEF27C8D2BF00136263 /* fender_stratocaster.usdz in Resources */,
				963EEBD827C8D15200136263 /* LemonMeringuePie.usdz in Resources */,
				968342F427DB0C880021B5F7 /* SeinfeldSetReplica_usdz.usdz in Resources */,
				EC2C333827C3D27F00C1E6F5 /* ShaderTypes.h in Resources */,
				963EEBDE27C8D18F00136263 /* toy_drummer.usdz in Resources */,
			);
			runOnlyForDeploymentPostprocessing = 0;
		};
/* End PBXResourcesBuildPhase section */

/* Begin PBXSourcesBuildPhase section */
		EC2C331427C3D27F00C1E6F5 /* Sources */ = {
			isa = PBXSourcesBuildPhase;
			buildActionMask = 2147483647;
			files = (
				ECECF80B27E63F6400B5802E /* MTLTextureDescriptorExt.swift in Sources */,
				EC2C333527C3D27F00C1E6F5 /* Renderer.swift in Sources */,
				ECECF80E27E7223400B5802E /* ICB.metal in Sources */,
				EC2C333327C3D27F00C1E6F5 /* Shaders.metal in Sources */,
				EC2C331E27C3D27F00C1E6F5 /* GameViewController.swift in Sources */,
				EC2C331C27C3D27F00C1E6F5 /* AppDelegate.swift in Sources */,
				EC2C334727C3D36F00C1E6F5 /* GZLog.swift in Sources */,
			);
			runOnlyForDeploymentPostprocessing = 0;
		};
		EC2C332527C3D27F00C1E6F5 /* Sources */ = {
			isa = PBXSourcesBuildPhase;
			buildActionMask = 2147483647;
			files = (
				ECECF80C27E63F6400B5802E /* MTLTextureDescriptorExt.swift in Sources */,
				EC2C333627C3D27F00C1E6F5 /* Renderer.swift in Sources */,
				ECECF80F27E7223400B5802E /* ICB.metal in Sources */,
				EC2C333427C3D27F00C1E6F5 /* Shaders.metal in Sources */,
				EC2C332E27C3D27F00C1E6F5 /* GameViewController.swift in Sources */,
				EC2C332C27C3D27F00C1E6F5 /* AppDelegate.swift in Sources */,
				EC2C334827C3D36F00C1E6F5 /* GZLog.swift in Sources */,
			);
			runOnlyForDeploymentPostprocessing = 0;
		};
/* End PBXSourcesBuildPhase section */

/* Begin PBXVariantGroup section */
		EC2C331F27C3D27F00C1E6F5 /* Main.storyboard */ = {
			isa = PBXVariantGroup;
			children = (
				EC2C332027C3D27F00C1E6F5 /* Base */,
			);
			name = Main.storyboard;
			sourceTree = "<group>";
		};
		EC2C332227C3D27F00C1E6F5 /* LaunchScreen.storyboard */ = {
			isa = PBXVariantGroup;
			children = (
				EC2C332327C3D27F00C1E6F5 /* Base */,
			);
			name = LaunchScreen.storyboard;
			sourceTree = "<group>";
		};
		EC2C332F27C3D27F00C1E6F5 /* Main.storyboard */ = {
			isa = PBXVariantGroup;
			children = (
				EC2C333027C3D27F00C1E6F5 /* Base */,
			);
			name = Main.storyboard;
			sourceTree = "<group>";
		};
/* End PBXVariantGroup section */

/* Begin XCBuildConfiguration section */
		EC2C333B27C3D27F00C1E6F5 /* Debug */ = {
			isa = XCBuildConfiguration;
			buildSettings = {
				ALWAYS_SEARCH_USER_PATHS = NO;
				CLANG_ANALYZER_NONNULL = YES;
				CLANG_ANALYZER_NUMBER_OBJECT_CONVERSION = YES_AGGRESSIVE;
				CLANG_CXX_LANGUAGE_STANDARD = "gnu++17";
				CLANG_CXX_LIBRARY = "libc++";
				CLANG_ENABLE_MODULES = YES;
				CLANG_ENABLE_OBJC_ARC = YES;
				CLANG_ENABLE_OBJC_WEAK = YES;
				CLANG_WARN_BLOCK_CAPTURE_AUTORELEASING = YES;
				CLANG_WARN_BOOL_CONVERSION = YES;
				CLANG_WARN_COMMA = YES;
				CLANG_WARN_CONSTANT_CONVERSION = YES;
				CLANG_WARN_DEPRECATED_OBJC_IMPLEMENTATIONS = YES;
				CLANG_WARN_DIRECT_OBJC_ISA_USAGE = YES_ERROR;
				CLANG_WARN_DOCUMENTATION_COMMENTS = YES;
				CLANG_WARN_EMPTY_BODY = YES;
				CLANG_WARN_ENUM_CONVERSION = YES;
				CLANG_WARN_INFINITE_RECURSION = YES;
				CLANG_WARN_INT_CONVERSION = YES;
				CLANG_WARN_NON_LITERAL_NULL_CONVERSION = YES;
				CLANG_WARN_OBJC_IMPLICIT_RETAIN_SELF = YES;
				CLANG_WARN_OBJC_LITERAL_CONVERSION = YES;
				CLANG_WARN_OBJC_ROOT_CLASS = YES_ERROR;
				CLANG_WARN_QUOTED_INCLUDE_IN_FRAMEWORK_HEADER = YES;
				CLANG_WARN_RANGE_LOOP_ANALYSIS = YES;
				CLANG_WARN_STRICT_PROTOTYPES = YES;
				CLANG_WARN_SUSPICIOUS_MOVE = YES;
				CLANG_WARN_UNGUARDED_AVAILABILITY = YES_AGGRESSIVE;
				CLANG_WARN_UNREACHABLE_CODE = YES;
				CLANG_WARN__DUPLICATE_METHOD_MATCH = YES;
				COPY_PHASE_STRIP = NO;
				DEBUG_INFORMATION_FORMAT = dwarf;
				ENABLE_STRICT_OBJC_MSGSEND = YES;
				ENABLE_TESTABILITY = YES;
				GCC_C_LANGUAGE_STANDARD = gnu11;
				GCC_DYNAMIC_NO_PIC = NO;
				GCC_NO_COMMON_BLOCKS = YES;
				GCC_OPTIMIZATION_LEVEL = 0;
				GCC_PREPROCESSOR_DEFINITIONS = (
					"DEBUG=1",
					"$(inherited)",
				);
				GCC_WARN_64_TO_32_BIT_CONVERSION = YES;
				GCC_WARN_ABOUT_RETURN_TYPE = YES_ERROR;
				GCC_WARN_UNDECLARED_SELECTOR = YES;
				GCC_WARN_UNINITIALIZED_AUTOS = YES_AGGRESSIVE;
				GCC_WARN_UNUSED_FUNCTION = YES;
				GCC_WARN_UNUSED_VARIABLE = YES;
				MTL_ENABLE_DEBUG_INFO = INCLUDE_SOURCE;
				MTL_FAST_MATH = YES;
				ONLY_ACTIVE_ARCH = YES;
				SWIFT_ACTIVE_COMPILATION_CONDITIONS = DEBUG;
				SWIFT_OPTIMIZATION_LEVEL = "-Onone";
			};
			name = Debug;
		};
		EC2C333C27C3D27F00C1E6F5 /* Release */ = {
			isa = XCBuildConfiguration;
			buildSettings = {
				ALWAYS_SEARCH_USER_PATHS = NO;
				CLANG_ANALYZER_NONNULL = YES;
				CLANG_ANALYZER_NUMBER_OBJECT_CONVERSION = YES_AGGRESSIVE;
				CLANG_CXX_LANGUAGE_STANDARD = "gnu++17";
				CLANG_CXX_LIBRARY = "libc++";
				CLANG_ENABLE_MODULES = YES;
				CLANG_ENABLE_OBJC_ARC = YES;
				CLANG_ENABLE_OBJC_WEAK = YES;
				CLANG_WARN_BLOCK_CAPTURE_AUTORELEASING = YES;
				CLANG_WARN_BOOL_CONVERSION = YES;
				CLANG_WARN_COMMA = YES;
				CLANG_WARN_CONSTANT_CONVERSION = YES;
				CLANG_WARN_DEPRECATED_OBJC_IMPLEMENTATIONS = YES;
				CLANG_WARN_DIRECT_OBJC_ISA_USAGE = YES_ERROR;
				CLANG_WARN_DOCUMENTATION_COMMENTS = YES;
				CLANG_WARN_EMPTY_BODY = YES;
				CLANG_WARN_ENUM_CONVERSION = YES;
				CLANG_WARN_INFINITE_RECURSION = YES;
				CLANG_WARN_INT_CONVERSION = YES;
				CLANG_WARN_NON_LITERAL_NULL_CONVERSION = YES;
				CLANG_WARN_OBJC_IMPLICIT_RETAIN_SELF = YES;
				CLANG_WARN_OBJC_LITERAL_CONVERSION = YES;
				CLANG_WARN_OBJC_ROOT_CLASS = YES_ERROR;
				CLANG_WARN_QUOTED_INCLUDE_IN_FRAMEWORK_HEADER = YES;
				CLANG_WARN_RANGE_LOOP_ANALYSIS = YES;
				CLANG_WARN_STRICT_PROTOTYPES = YES;
				CLANG_WARN_SUSPICIOUS_MOVE = YES;
				CLANG_WARN_UNGUARDED_AVAILABILITY = YES_AGGRESSIVE;
				CLANG_WARN_UNREACHABLE_CODE = YES;
				CLANG_WARN__DUPLICATE_METHOD_MATCH = YES;
				COPY_PHASE_STRIP = NO;
				DEBUG_INFORMATION_FORMAT = "dwarf-with-dsym";
				ENABLE_NS_ASSERTIONS = NO;
				ENABLE_STRICT_OBJC_MSGSEND = YES;
				GCC_C_LANGUAGE_STANDARD = gnu11;
				GCC_NO_COMMON_BLOCKS = YES;
				GCC_WARN_64_TO_32_BIT_CONVERSION = YES;
				GCC_WARN_ABOUT_RETURN_TYPE = YES_ERROR;
				GCC_WARN_UNDECLARED_SELECTOR = YES;
				GCC_WARN_UNINITIALIZED_AUTOS = YES_AGGRESSIVE;
				GCC_WARN_UNUSED_FUNCTION = YES;
				GCC_WARN_UNUSED_VARIABLE = YES;
				MTL_ENABLE_DEBUG_INFO = NO;
				MTL_FAST_MATH = YES;
				SWIFT_COMPILATION_MODE = wholemodule;
				SWIFT_OPTIMIZATION_LEVEL = "-O";
			};
			name = Release;
		};
		EC2C333E27C3D27F00C1E6F5 /* Debug */ = {
			isa = XCBuildConfiguration;
			buildSettings = {
				ASSETCATALOG_COMPILER_APPICON_NAME = AppIcon;
				ASSETCATALOG_COMPILER_GLOBAL_ACCENT_COLOR_NAME = AccentColor;
				CODE_SIGN_STYLE = Automatic;
				CURRENT_PROJECT_VERSION = 1;
				DEVELOPMENT_TEAM = WD3LPJ2STX;
				GENERATE_INFOPLIST_FILE = YES;
				INFOPLIST_KEY_UIApplicationSupportsIndirectInputEvents = YES;
				INFOPLIST_KEY_UILaunchStoryboardName = LaunchScreen;
				INFOPLIST_KEY_UIMainStoryboardFile = Main;
				INFOPLIST_KEY_UIStatusBarHidden = YES;
				INFOPLIST_KEY_UISupportedInterfaceOrientations_iPad = "UIInterfaceOrientationPortrait UIInterfaceOrientationPortraitUpsideDown UIInterfaceOrientationLandscapeLeft UIInterfaceOrientationLandscapeRight";
				INFOPLIST_KEY_UISupportedInterfaceOrientations_iPhone = "UIInterfaceOrientationPortrait UIInterfaceOrientationLandscapeLeft UIInterfaceOrientationLandscapeRight";
				IPHONEOS_DEPLOYMENT_TARGET = 15.2;
				LD_RUNPATH_SEARCH_PATHS = (
					"$(inherited)",
					"@executable_path/Frameworks",
				);
				MARKETING_VERSION = 1.0;
				PRODUCT_BUNDLE_IDENTIFIER = g.mtlSample;
				PRODUCT_NAME = mtlSample;
				SDKROOT = iphoneos;
				SWIFT_EMIT_LOC_STRINGS = YES;
				SWIFT_OBJC_BRIDGING_HEADER = "mtlSample Shared/ShaderTypes.h";
				SWIFT_VERSION = 5.0;
				TARGETED_DEVICE_FAMILY = "1,2";
			};
			name = Debug;
		};
		EC2C333F27C3D27F00C1E6F5 /* Release */ = {
			isa = XCBuildConfiguration;
			buildSettings = {
				ASSETCATALOG_COMPILER_APPICON_NAME = AppIcon;
				ASSETCATALOG_COMPILER_GLOBAL_ACCENT_COLOR_NAME = AccentColor;
				CODE_SIGN_STYLE = Automatic;
				CURRENT_PROJECT_VERSION = 1;
				DEVELOPMENT_TEAM = WD3LPJ2STX;
				GENERATE_INFOPLIST_FILE = YES;
				INFOPLIST_KEY_UIApplicationSupportsIndirectInputEvents = YES;
				INFOPLIST_KEY_UILaunchStoryboardName = LaunchScreen;
				INFOPLIST_KEY_UIMainStoryboardFile = Main;
				INFOPLIST_KEY_UIStatusBarHidden = YES;
				INFOPLIST_KEY_UISupportedInterfaceOrientations_iPad = "UIInterfaceOrientationPortrait UIInterfaceOrientationPortraitUpsideDown UIInterfaceOrientationLandscapeLeft UIInterfaceOrientationLandscapeRight";
				INFOPLIST_KEY_UISupportedInterfaceOrientations_iPhone = "UIInterfaceOrientationPortrait UIInterfaceOrientationLandscapeLeft UIInterfaceOrientationLandscapeRight";
				IPHONEOS_DEPLOYMENT_TARGET = 15.2;
				LD_RUNPATH_SEARCH_PATHS = (
					"$(inherited)",
					"@executable_path/Frameworks",
				);
				MARKETING_VERSION = 1.0;
				PRODUCT_BUNDLE_IDENTIFIER = g.mtlSample;
				PRODUCT_NAME = mtlSample;
				SDKROOT = iphoneos;
				SWIFT_EMIT_LOC_STRINGS = YES;
				SWIFT_OBJC_BRIDGING_HEADER = "mtlSample Shared/ShaderTypes.h";
				SWIFT_VERSION = 5.0;
				TARGETED_DEVICE_FAMILY = "1,2";
				VALIDATE_PRODUCT = YES;
			};
			name = Release;
		};
		EC2C334127C3D27F00C1E6F5 /* Debug */ = {
			isa = XCBuildConfiguration;
			buildSettings = {
				ASSETCATALOG_COMPILER_APPICON_NAME = AppIcon;
				ASSETCATALOG_COMPILER_GLOBAL_ACCENT_COLOR_NAME = AccentColor;
				CODE_SIGN_ENTITLEMENTS = "mtlSample macOS/mtlSample_macOS.entitlements";
				CODE_SIGN_STYLE = Automatic;
				COMBINE_HIDPI_IMAGES = YES;
				CURRENT_PROJECT_VERSION = 1;
				DEVELOPMENT_TEAM = WD3LPJ2STX;
				ENABLE_HARDENED_RUNTIME = YES;
				GENERATE_INFOPLIST_FILE = YES;
				INFOPLIST_KEY_NSHumanReadableCopyright = "";
				INFOPLIST_KEY_NSMainStoryboardFile = Main;
				INFOPLIST_KEY_NSPrincipalClass = NSApplication;
				LD_RUNPATH_SEARCH_PATHS = (
					"$(inherited)",
					"@executable_path/../Frameworks",
				);
				MACOSX_DEPLOYMENT_TARGET = 12.1;
				MARKETING_VERSION = 1.0;
				PRODUCT_BUNDLE_IDENTIFIER = g.mtlSample;
				PRODUCT_NAME = mtlSample;
				SDKROOT = macosx;
				SWIFT_EMIT_LOC_STRINGS = YES;
				SWIFT_OBJC_BRIDGING_HEADER = "mtlSample Shared/ShaderTypes.h";
				SWIFT_VERSION = 5.0;
			};
			name = Debug;
		};
		EC2C334227C3D27F00C1E6F5 /* Release */ = {
			isa = XCBuildConfiguration;
			buildSettings = {
				ASSETCATALOG_COMPILER_APPICON_NAME = AppIcon;
				ASSETCATALOG_COMPILER_GLOBAL_ACCENT_COLOR_NAME = AccentColor;
				CODE_SIGN_ENTITLEMENTS = "mtlSample macOS/mtlSample_macOS.entitlements";
				CODE_SIGN_STYLE = Automatic;
				COMBINE_HIDPI_IMAGES = YES;
				CURRENT_PROJECT_VERSION = 1;
				DEVELOPMENT_TEAM = WD3LPJ2STX;
				ENABLE_HARDENED_RUNTIME = YES;
				GENERATE_INFOPLIST_FILE = YES;
				INFOPLIST_KEY_NSHumanReadableCopyright = "";
				INFOPLIST_KEY_NSMainStoryboardFile = Main;
				INFOPLIST_KEY_NSPrincipalClass = NSApplication;
				LD_RUNPATH_SEARCH_PATHS = (
					"$(inherited)",
					"@executable_path/../Frameworks",
				);
				MACOSX_DEPLOYMENT_TARGET = 12.1;
				MARKETING_VERSION = 1.0;
				PRODUCT_BUNDLE_IDENTIFIER = g.mtlSample;
				PRODUCT_NAME = mtlSample;
				SDKROOT = macosx;
				SWIFT_EMIT_LOC_STRINGS = YES;
				SWIFT_OBJC_BRIDGING_HEADER = "mtlSample Shared/ShaderTypes.h";
				SWIFT_VERSION = 5.0;
			};
			name = Release;
		};
/* End XCBuildConfiguration section */

/* Begin XCConfigurationList section */
		EC2C330E27C3D27E00C1E6F5 /* Build configuration list for PBXProject "mtlSample" */ = {
			isa = XCConfigurationList;
			buildConfigurations = (
				EC2C333B27C3D27F00C1E6F5 /* Debug */,
				EC2C333C27C3D27F00C1E6F5 /* Release */,
			);
			defaultConfigurationIsVisible = 0;
			defaultConfigurationName = Release;
		};
		EC2C333D27C3D27F00C1E6F5 /* Build configuration list for PBXNativeTarget "mtlSample iOS" */ = {
			isa = XCConfigurationList;
			buildConfigurations = (
				EC2C333E27C3D27F00C1E6F5 /* Debug */,
				EC2C333F27C3D27F00C1E6F5 /* Release */,
			);
			defaultConfigurationIsVisible = 0;
			defaultConfigurationName = Release;
		};
		EC2C334027C3D27F00C1E6F5 /* Build configuration list for PBXNativeTarget "mtlSample macOS" */ = {
			isa = XCConfigurationList;
			buildConfigurations = (
				EC2C334127C3D27F00C1E6F5 /* Debug */,
				EC2C334227C3D27F00C1E6F5 /* Release */,
			);
			defaultConfigurationIsVisible = 0;
			defaultConfigurationName = Release;
		};
/* End XCConfigurationList section */
	};
	rootObject = EC2C330B27C3D27E00C1E6F5 /* Project object */;
}
